// !$*UTF8*$!
{
	archiveVersion = 1;
	classes = {
	};
	objectVersion = 56;
	objects = {

/* Begin PBXBuildFile section */
		077B03A62932666C000DDEFA /* AppDelegate.swift in Sources */ = {isa = PBXBuildFile; fileRef = 077B03A52932666C000DDEFA /* AppDelegate.swift */; };
		077B03A82932666C000DDEFA /* SceneDelegate.swift in Sources */ = {isa = PBXBuildFile; fileRef = 077B03A72932666C000DDEFA /* SceneDelegate.swift */; };
		077B03AA2932666C000DDEFA /* ViewController.swift in Sources */ = {isa = PBXBuildFile; fileRef = 077B03A92932666C000DDEFA /* ViewController.swift */; };
		077B03AF2932666D000DDEFA /* Assets.xcassets in Resources */ = {isa = PBXBuildFile; fileRef = 077B03AE2932666D000DDEFA /* Assets.xcassets */; };
		077B03B22932666D000DDEFA /* LaunchScreen.storyboard in Resources */ = {isa = PBXBuildFile; fileRef = 077B03B02932666D000DDEFA /* LaunchScreen.storyboard */; };
		077B03BB29327671000DDEFA /* WeatherObject.swift in Sources */ = {isa = PBXBuildFile; fileRef = 077B03BA29327671000DDEFA /* WeatherObject.swift */; };
		077B03BD2932938F000DDEFA /* Cabin-Bold.ttf in Resources */ = {isa = PBXBuildFile; fileRef = 077B03BC2932938F000DDEFA /* Cabin-Bold.ttf */; };
		077B03BF2932939A000DDEFA /* Cabin-Medium.ttf in Resources */ = {isa = PBXBuildFile; fileRef = 077B03BE2932939A000DDEFA /* Cabin-Medium.ttf */; };
		077B03C1293293A2000DDEFA /* Cabin-Regular.ttf in Resources */ = {isa = PBXBuildFile; fileRef = 077B03C0293293A2000DDEFA /* Cabin-Regular.ttf */; };
		077B03C4293295D0000DDEFA /* Constants.swift in Sources */ = {isa = PBXBuildFile; fileRef = 077B03C3293295D0000DDEFA /* Constants.swift */; };
		077B03C62932A04A000DDEFA /* UIView+Ext.swift in Sources */ = {isa = PBXBuildFile; fileRef = 077B03C52932A04A000DDEFA /* UIView+Ext.swift */; };
		077B03C82932AE8B000DDEFA /* WeatherCell.swift in Sources */ = {isa = PBXBuildFile; fileRef = 077B03C72932AE8B000DDEFA /* WeatherCell.swift */; };
		079A548429339C230012ECEA /* WeatherModel.swift in Sources */ = {isa = PBXBuildFile; fileRef = 079A548329339C230012ECEA /* WeatherModel.swift */; };
		079A5486293619B10012ECEA /* UIColor+Ext.swift in Sources */ = {isa = PBXBuildFile; fileRef = 079A5485293619B10012ECEA /* UIColor+Ext.swift */; };
		079A54882937C4C50012ECEA /* ChangeLocationVC.swift in Sources */ = {isa = PBXBuildFile; fileRef = 079A54872937C4C50012ECEA /* ChangeLocationVC.swift */; };
/* End PBXBuildFile section */

/* Begin PBXFileReference section */
		077B03A22932666C000DDEFA /* TableViewApp.app */ = {isa = PBXFileReference; explicitFileType = wrapper.application; includeInIndex = 0; path = TableViewApp.app; sourceTree = BUILT_PRODUCTS_DIR; };
		077B03A52932666C000DDEFA /* AppDelegate.swift */ = {isa = PBXFileReference; lastKnownFileType = sourcecode.swift; path = AppDelegate.swift; sourceTree = "<group>"; };
		077B03A72932666C000DDEFA /* SceneDelegate.swift */ = {isa = PBXFileReference; lastKnownFileType = sourcecode.swift; path = SceneDelegate.swift; sourceTree = "<group>"; };
		077B03A92932666C000DDEFA /* ViewController.swift */ = {isa = PBXFileReference; lastKnownFileType = sourcecode.swift; path = ViewController.swift; sourceTree = "<group>"; };
		077B03AE2932666D000DDEFA /* Assets.xcassets */ = {isa = PBXFileReference; lastKnownFileType = folder.assetcatalog; path = Assets.xcassets; sourceTree = "<group>"; };
		077B03B12932666D000DDEFA /* Base */ = {isa = PBXFileReference; lastKnownFileType = file.storyboard; name = Base; path = Base.lproj/LaunchScreen.storyboard; sourceTree = "<group>"; };
		077B03B32932666D000DDEFA /* Info.plist */ = {isa = PBXFileReference; lastKnownFileType = text.plist.xml; path = Info.plist; sourceTree = "<group>"; };
		077B03BA29327671000DDEFA /* WeatherObject.swift */ = {isa = PBXFileReference; lastKnownFileType = sourcecode.swift; path = WeatherObject.swift; sourceTree = "<group>"; };
		077B03BC2932938F000DDEFA /* Cabin-Bold.ttf */ = {isa = PBXFileReference; lastKnownFileType = file; path = "Cabin-Bold.ttf"; sourceTree = "<group>"; };
		077B03BE2932939A000DDEFA /* Cabin-Medium.ttf */ = {isa = PBXFileReference; lastKnownFileType = file; path = "Cabin-Medium.ttf"; sourceTree = "<group>"; };
		077B03C0293293A2000DDEFA /* Cabin-Regular.ttf */ = {isa = PBXFileReference; lastKnownFileType = file; path = "Cabin-Regular.ttf"; sourceTree = "<group>"; };
		077B03C3293295D0000DDEFA /* Constants.swift */ = {isa = PBXFileReference; lastKnownFileType = sourcecode.swift; path = Constants.swift; sourceTree = "<group>"; };
		077B03C52932A04A000DDEFA /* UIView+Ext.swift */ = {isa = PBXFileReference; lastKnownFileType = sourcecode.swift; path = "UIView+Ext.swift"; sourceTree = "<group>"; };
		077B03C72932AE8B000DDEFA /* WeatherCell.swift */ = {isa = PBXFileReference; lastKnownFileType = sourcecode.swift; path = WeatherCell.swift; sourceTree = "<group>"; };
		079A548329339C230012ECEA /* WeatherModel.swift */ = {isa = PBXFileReference; lastKnownFileType = sourcecode.swift; path = WeatherModel.swift; sourceTree = "<group>"; };
		079A5485293619B10012ECEA /* UIColor+Ext.swift */ = {isa = PBXFileReference; lastKnownFileType = sourcecode.swift; path = "UIColor+Ext.swift"; sourceTree = "<group>"; };
		079A54872937C4C50012ECEA /* ChangeLocationVC.swift */ = {isa = PBXFileReference; lastKnownFileType = sourcecode.swift; path = ChangeLocationVC.swift; sourceTree = "<group>"; };
/* End PBXFileReference section */

/* Begin PBXFrameworksBuildPhase section */
		077B039F2932666C000DDEFA /* Frameworks */ = {
			isa = PBXFrameworksBuildPhase;
			buildActionMask = 2147483647;
			files = (
			);
			runOnlyForDeploymentPostprocessing = 0;
		};
/* End PBXFrameworksBuildPhase section */

/* Begin PBXGroup section */
		077B03992932666C000DDEFA = {
			isa = PBXGroup;
			children = (
				077B03BC2932938F000DDEFA /* Cabin-Bold.ttf */,
				077B03BE2932939A000DDEFA /* Cabin-Medium.ttf */,
				077B03C0293293A2000DDEFA /* Cabin-Regular.ttf */,
				077B03C2293295B3000DDEFA /* Extentions-Utilities */,
				077B03B929327663000DDEFA /* Model */,
				077B03A42932666C000DDEFA /* TableViewApp */,
				077B03A32932666C000DDEFA /* Products */,
			);
			sourceTree = "<group>";
		};
		077B03A32932666C000DDEFA /* Products */ = {
			isa = PBXGroup;
			children = (
				077B03A22932666C000DDEFA /* TableViewApp.app */,
			);
			name = Products;
			sourceTree = "<group>";
		};
		077B03A42932666C000DDEFA /* TableViewApp */ = {
			isa = PBXGroup;
			children = (
				077B03A52932666C000DDEFA /* AppDelegate.swift */,
				077B03A72932666C000DDEFA /* SceneDelegate.swift */,
				077B03C72932AE8B000DDEFA /* WeatherCell.swift */,
				077B03A92932666C000DDEFA /* ViewController.swift */,
				079A54872937C4C50012ECEA /* ChangeLocationVC.swift */,
				077B03AE2932666D000DDEFA /* Assets.xcassets */,
				077B03B02932666D000DDEFA /* LaunchScreen.storyboard */,
				077B03B32932666D000DDEFA /* Info.plist */,
			);
			path = TableViewApp;
			sourceTree = "<group>";
		};
		077B03B929327663000DDEFA /* Model */ = {
			isa = PBXGroup;
			children = (
				077B03BA29327671000DDEFA /* WeatherObject.swift */,
				079A548329339C230012ECEA /* WeatherModel.swift */,
			);
			path = Model;
			sourceTree = "<group>";
		};
		077B03C2293295B3000DDEFA /* Extentions-Utilities */ = {
			isa = PBXGroup;
			children = (
				077B03C3293295D0000DDEFA /* Constants.swift */,
				077B03C52932A04A000DDEFA /* UIView+Ext.swift */,
				079A5485293619B10012ECEA /* UIColor+Ext.swift */,
			);
			path = "Extentions-Utilities";
			sourceTree = "<group>";
		};
/* End PBXGroup section */

/* Begin PBXNativeTarget section */
		077B03A12932666C000DDEFA /* TableViewApp */ = {
			isa = PBXNativeTarget;
			buildConfigurationList = 077B03B62932666D000DDEFA /* Build configuration list for PBXNativeTarget "TableViewApp" */;
			buildPhases = (
				077B039E2932666C000DDEFA /* Sources */,
				077B039F2932666C000DDEFA /* Frameworks */,
				077B03A02932666C000DDEFA /* Resources */,
			);
			buildRules = (
			);
			dependencies = (
			);
			name = TableViewApp;
			productName = TableViewApp;
			productReference = 077B03A22932666C000DDEFA /* TableViewApp.app */;
			productType = "com.apple.product-type.application";
		};
/* End PBXNativeTarget section */

/* Begin PBXProject section */
		077B039A2932666C000DDEFA /* Project object */ = {
			isa = PBXProject;
			attributes = {
				BuildIndependentTargetsInParallel = 1;
				LastSwiftUpdateCheck = 1400;
				LastUpgradeCheck = 1400;
				TargetAttributes = {
					077B03A12932666C000DDEFA = {
						CreatedOnToolsVersion = 14.0.1;
					};
				};
			};
			buildConfigurationList = 077B039D2932666C000DDEFA /* Build configuration list for PBXProject "TableViewApp" */;
			compatibilityVersion = "Xcode 14.0";
			developmentRegion = en;
			hasScannedForEncodings = 0;
			knownRegions = (
				en,
				Base,
			);
			mainGroup = 077B03992932666C000DDEFA;
			productRefGroup = 077B03A32932666C000DDEFA /* Products */;
			projectDirPath = "";
			projectRoot = "";
			targets = (
				077B03A12932666C000DDEFA /* TableViewApp */,
			);
		};
/* End PBXProject section */

/* Begin PBXResourcesBuildPhase section */
		077B03A02932666C000DDEFA /* Resources */ = {
			isa = PBXResourcesBuildPhase;
			buildActionMask = 2147483647;
			files = (
				077B03C1293293A2000DDEFA /* Cabin-Regular.ttf in Resources */,
				077B03B22932666D000DDEFA /* LaunchScreen.storyboard in Resources */,
				077B03BD2932938F000DDEFA /* Cabin-Bold.ttf in Resources */,
				077B03AF2932666D000DDEFA /* Assets.xcassets in Resources */,
				077B03BF2932939A000DDEFA /* Cabin-Medium.ttf in Resources */,
			);
			runOnlyForDeploymentPostprocessing = 0;
		};
/* End PBXResourcesBuildPhase section */

/* Begin PBXSourcesBuildPhase section */
		077B039E2932666C000DDEFA /* Sources */ = {
			isa = PBXSourcesBuildPhase;
			buildActionMask = 2147483647;
			files = (
				077B03C4293295D0000DDEFA /* Constants.swift in Sources */,
				077B03BB29327671000DDEFA /* WeatherObject.swift in Sources */,
				077B03C62932A04A000DDEFA /* UIView+Ext.swift in Sources */,
				077B03AA2932666C000DDEFA /* ViewController.swift in Sources */,
				077B03A62932666C000DDEFA /* AppDelegate.swift in Sources */,
				077B03A82932666C000DDEFA /* SceneDelegate.swift in Sources */,
				079A5486293619B10012ECEA /* UIColor+Ext.swift in Sources */,
				079A54882937C4C50012ECEA /* ChangeLocationVC.swift in Sources */,
				079A548429339C230012ECEA /* WeatherModel.swift in Sources */,
				077B03C82932AE8B000DDEFA /* WeatherCell.swift in Sources */,
			);
			runOnlyForDeploymentPostprocessing = 0;
		};
/* End PBXSourcesBuildPhase section */

/* Begin PBXVariantGroup section */
		077B03B02932666D000DDEFA /* LaunchScreen.storyboard */ = {
			isa = PBXVariantGroup;
			children = (
				077B03B12932666D000DDEFA /* Base */,
			);
			name = LaunchScreen.storyboard;
			sourceTree = "<group>";
		};
/* End PBXVariantGroup section */

/* Begin XCBuildConfiguration section */
		077B03B42932666D000DDEFA /* Debug */ = {
			isa = XCBuildConfiguration;
			buildSettings = {
				ALWAYS_SEARCH_USER_PATHS = NO;
				CLANG_ANALYZER_NONNULL = YES;
				CLANG_ANALYZER_NUMBER_OBJECT_CONVERSION = YES_AGGRESSIVE;
				CLANG_CXX_LANGUAGE_STANDARD = "gnu++20";
				CLANG_ENABLE_MODULES = YES;
				CLANG_ENABLE_OBJC_ARC = YES;
				CLANG_ENABLE_OBJC_WEAK = YES;
				CLANG_WARN_BLOCK_CAPTURE_AUTORELEASING = YES;
				CLANG_WARN_BOOL_CONVERSION = YES;
				CLANG_WARN_COMMA = YES;
				CLANG_WARN_CONSTANT_CONVERSION = YES;
				CLANG_WARN_DEPRECATED_OBJC_IMPLEMENTATIONS = YES;
				CLANG_WARN_DIRECT_OBJC_ISA_USAGE = YES_ERROR;
				CLANG_WARN_DOCUMENTATION_COMMENTS = YES;
				CLANG_WARN_EMPTY_BODY = YES;
				CLANG_WARN_ENUM_CONVERSION = YES;
				CLANG_WARN_INFINITE_RECURSION = YES;
				CLANG_WARN_INT_CONVERSION = YES;
				CLANG_WARN_NON_LITERAL_NULL_CONVERSION = YES;
				CLANG_WARN_OBJC_IMPLICIT_RETAIN_SELF = YES;
				CLANG_WARN_OBJC_LITERAL_CONVERSION = YES;
				CLANG_WARN_OBJC_ROOT_CLASS = YES_ERROR;
				CLANG_WARN_QUOTED_INCLUDE_IN_FRAMEWORK_HEADER = YES;
				CLANG_WARN_RANGE_LOOP_ANALYSIS = YES;
				CLANG_WARN_STRICT_PROTOTYPES = YES;
				CLANG_WARN_SUSPICIOUS_MOVE = YES;
				CLANG_WARN_UNGUARDED_AVAILABILITY = YES_AGGRESSIVE;
				CLANG_WARN_UNREACHABLE_CODE = YES;
				CLANG_WARN__DUPLICATE_METHOD_MATCH = YES;
				COPY_PHASE_STRIP = NO;
				DEBUG_INFORMATION_FORMAT = dwarf;
				ENABLE_STRICT_OBJC_MSGSEND = YES;
				ENABLE_TESTABILITY = YES;
				GCC_C_LANGUAGE_STANDARD = gnu11;
				GCC_DYNAMIC_NO_PIC = NO;
				GCC_NO_COMMON_BLOCKS = YES;
				GCC_OPTIMIZATION_LEVEL = 0;
				GCC_PREPROCESSOR_DEFINITIONS = (
					"DEBUG=1",
					"$(inherited)",
				);
				GCC_WARN_64_TO_32_BIT_CONVERSION = YES;
				GCC_WARN_ABOUT_RETURN_TYPE = YES_ERROR;
				GCC_WARN_UNDECLARED_SELECTOR = YES;
				GCC_WARN_UNINITIALIZED_AUTOS = YES_AGGRESSIVE;
				GCC_WARN_UNUSED_FUNCTION = YES;
				GCC_WARN_UNUSED_VARIABLE = YES;
				IPHONEOS_DEPLOYMENT_TARGET = 16.0;
				MTL_ENABLE_DEBUG_INFO = INCLUDE_SOURCE;
				MTL_FAST_MATH = YES;
				ONLY_ACTIVE_ARCH = YES;
				SDKROOT = iphoneos;
				SWIFT_ACTIVE_COMPILATION_CONDITIONS = DEBUG;
				SWIFT_OPTIMIZATION_LEVEL = "-Onone";
			};
			name = Debug;
		};
		077B03B52932666D000DDEFA /* Release */ = {
			isa = XCBuildConfiguration;
			buildSettings = {
				ALWAYS_SEARCH_USER_PATHS = NO;
				CLANG_ANALYZER_NONNULL = YES;
				CLANG_ANALYZER_NUMBER_OBJECT_CONVERSION = YES_AGGRESSIVE;
				CLANG_CXX_LANGUAGE_STANDARD = "gnu++20";
				CLANG_ENABLE_MODULES = YES;
				CLANG_ENABLE_OBJC_ARC = YES;
				CLANG_ENABLE_OBJC_WEAK = YES;
				CLANG_WARN_BLOCK_CAPTURE_AUTORELEASING = YES;
				CLANG_WARN_BOOL_CONVERSION = YES;
				CLANG_WARN_COMMA = YES;
				CLANG_WARN_CONSTANT_CONVERSION = YES;
				CLANG_WARN_DEPRECATED_OBJC_IMPLEMENTATIONS = YES;
				CLANG_WARN_DIRECT_OBJC_ISA_USAGE = YES_ERROR;
				CLANG_WARN_DOCUMENTATION_COMMENTS = YES;
				CLANG_WARN_EMPTY_BODY = YES;
				CLANG_WARN_ENUM_CONVERSION = YES;
				CLANG_WARN_INFINITE_RECURSION = YES;
				CLANG_WARN_INT_CONVERSION = YES;
				CLANG_WARN_NON_LITERAL_NULL_CONVERSION = YES;
				CLANG_WARN_OBJC_IMPLICIT_RETAIN_SELF = YES;
				CLANG_WARN_OBJC_LITERAL_CONVERSION = YES;
				CLANG_WARN_OBJC_ROOT_CLASS = YES_ERROR;
				CLANG_WARN_QUOTED_INCLUDE_IN_FRAMEWORK_HEADER = YES;
				CLANG_WARN_RANGE_LOOP_ANALYSIS = YES;
				CLANG_WARN_STRICT_PROTOTYPES = YES;
				CLANG_WARN_SUSPICIOUS_MOVE = YES;
				CLANG_WARN_UNGUARDED_AVAILABILITY = YES_AGGRESSIVE;
				CLANG_WARN_UNREACHABLE_CODE = YES;
				CLANG_WARN__DUPLICATE_METHOD_MATCH = YES;
				COPY_PHASE_STRIP = NO;
				DEBUG_INFORMATION_FORMAT = "dwarf-with-dsym";
				ENABLE_NS_ASSERTIONS = NO;
				ENABLE_STRICT_OBJC_MSGSEND = YES;
				GCC_C_LANGUAGE_STANDARD = gnu11;
				GCC_NO_COMMON_BLOCKS = YES;
				GCC_WARN_64_TO_32_BIT_CONVERSION = YES;
				GCC_WARN_ABOUT_RETURN_TYPE = YES_ERROR;
				GCC_WARN_UNDECLARED_SELECTOR = YES;
				GCC_WARN_UNINITIALIZED_AUTOS = YES_AGGRESSIVE;
				GCC_WARN_UNUSED_FUNCTION = YES;
				GCC_WARN_UNUSED_VARIABLE = YES;
				IPHONEOS_DEPLOYMENT_TARGET = 16.0;
				MTL_ENABLE_DEBUG_INFO = NO;
				MTL_FAST_MATH = YES;
				SDKROOT = iphoneos;
				SWIFT_COMPILATION_MODE = wholemodule;
				SWIFT_OPTIMIZATION_LEVEL = "-O";
				VALIDATE_PRODUCT = YES;
			};
			name = Release;
		};
		077B03B72932666D000DDEFA /* Debug */ = {
			isa = XCBuildConfiguration;
			buildSettings = {
				ASSETCATALOG_COMPILER_APPICON_NAME = AppIcon;
				ASSETCATALOG_COMPILER_GLOBAL_ACCENT_COLOR_NAME = AccentColor;
				CODE_SIGN_STYLE = Automatic;
				CURRENT_PROJECT_VERSION = 1;
				DEVELOPMENT_TEAM = QYY3G6W6RG;
				GENERATE_INFOPLIST_FILE = YES;
				INFOPLIST_FILE = TableViewApp/Info.plist;
				INFOPLIST_KEY_UIApplicationSupportsIndirectInputEvents = YES;
				INFOPLIST_KEY_UILaunchStoryboardName = LaunchScreen;
				INFOPLIST_KEY_UISupportedInterfaceOrientations = UIInterfaceOrientationPortrait;
				INFOPLIST_KEY_UISupportedInterfaceOrientations_iPad = "UIInterfaceOrientationLandscapeLeft UIInterfaceOrientationLandscapeRight UIInterfaceOrientationPortrait UIInterfaceOrientationPortraitUpsideDown";
				LD_RUNPATH_SEARCH_PATHS = (
					"$(inherited)",
					"@executable_path/Frameworks",
				);
				MARKETING_VERSION = 1.0;
				PRODUCT_BUNDLE_IDENTIFIER = com.lukman.TableViewApp;
				PRODUCT_NAME = "$(TARGET_NAME)";
				SWIFT_EMIT_LOC_STRINGS = YES;
				SWIFT_VERSION = 5.0;
				TARGETED_DEVICE_FAMILY = "1,2";
			};
			name = Debug;
		};
		077B03B82932666D000DDEFA /* Release */ = {
			isa = XCBuildConfiguration;
			buildSettings = {
				ASSETCATALOG_COMPILER_APPICON_NAME = AppIcon;
				ASSETCATALOG_COMPILER_GLOBAL_ACCENT_COLOR_NAME = AccentColor;
				CODE_SIGN_STYLE = Automatic;
				CURRENT_PROJECT_VERSION = 1;
				DEVELOPMENT_TEAM = QYY3G6W6RG;
				GENERATE_INFOPLIST_FILE = YES;
				INFOPLIST_FILE = TableViewApp/Info.plist;
				INFOPLIST_KEY_UIApplicationSupportsIndirectInputEvents = YES;
				INFOPLIST_KEY_UILaunchStoryboardName = LaunchScreen;
				INFOPLIST_KEY_UISupportedInterfaceOrientations = UIInterfaceOrientationPortrait;
				INFOPLIST_KEY_UISupportedInterfaceOrientations_iPad = "UIInterfaceOrientationLandscapeLeft UIInterfaceOrientationLandscapeRight UIInterfaceOrientationPortrait UIInterfaceOrientationPortraitUpsideDown";
				LD_RUNPATH_SEARCH_PATHS = (
					"$(inherited)",
					"@executable_path/Frameworks",
				);
				MARKETING_VERSION = 1.0;
				PRODUCT_BUNDLE_IDENTIFIER = com.lukman.TableViewApp;
				PRODUCT_NAME = "$(TARGET_NAME)";
				SWIFT_EMIT_LOC_STRINGS = YES;
				SWIFT_VERSION = 5.0;
				TARGETED_DEVICE_FAMILY = "1,2";
			};
			name = Release;
		};
/* End XCBuildConfiguration section */

/* Begin XCConfigurationList section */
		077B039D2932666C000DDEFA /* Build configuration list for PBXProject "TableViewApp" */ = {
			isa = XCConfigurationList;
			buildConfigurations = (
				077B03B42932666D000DDEFA /* Debug */,
				077B03B52932666D000DDEFA /* Release */,
			);
			defaultConfigurationIsVisible = 0;
			defaultConfigurationName = Release;
		};
		077B03B62932666D000DDEFA /* Build configuration list for PBXNativeTarget "TableViewApp" */ = {
			isa = XCConfigurationList;
			buildConfigurations = (
				077B03B72932666D000DDEFA /* Debug */,
				077B03B82932666D000DDEFA /* Release */,
			);
			defaultConfigurationIsVisible = 0;
			defaultConfigurationName = Release;
		};
/* End XCConfigurationList section */
	};
	rootObject = 077B039A2932666C000DDEFA /* Project object */;
}
